
Microsoft Visual Studio Solution File, Format Version 12.00
# Visual Studio 15
VisualStudioVersion = 15.0.27428.2015
MinimumVisualStudioVersion = 10.0.40219.1
Project("{FAE04EC0-301F-11D3-BF4B-00C04F79EFBC}") = "EFMovies", "EFMovies\EFMovies.csproj", "{F44ECFBC-3FC8-430B-816F-72678354B5A8}"
EndProject
Global
	GlobalSection(SolutionConfigurationPlatforms) = preSolution
		Debug|Any CPU = Debug|Any CPU
		Release|Any CPU = Release|Any CPU
	EndGlobalSection
	GlobalSection(ProjectConfigurationPlatforms) = postSolution
		{F44ECFBC-3FC8-430B-816F-72678354B5A8}.Debug|Any CPU.ActiveCfg = Debug|Any CPU
		{F44ECFBC-3FC8-430B-816F-72678354B5A8}.Debug|Any CPU.Build.0 = Debug|Any CPU
		{F44ECFBC-3FC8-430B-816F-72678354B5A8}.Release|Any CPU.ActiveCfg = Release|Any CPU
		{F44ECFBC-3FC8-430B-816F-72678354B5A8}.Release|Any CPU.Build.0 = Release|Any CPU
	EndGlobalSection
	GlobalSection(SolutionProperties) = preSolution
		HideSolutionNode = FALSE
	EndGlobalSection
	GlobalSection(ExtensibilityGlobals) = postSolution
		SolutionGuid = {5D03C4FA-577C-47AC-AEE6-B72E62E8808E}
	EndGlobalSection
EndGlobal
